
Microsoft Visual Studio Solution File, Format Version 12.00
# Visual Studio Version 17
VisualStudioVersion = 17.0.31903.59
MinimumVisualStudioVersion = 10.0.40219.1
Project("{2150E333-8FDC-42A3-9474-1A3956D46DE8}") = "src", "src", "{827E0CD3-B72D-47B6-A68D-7590B98EB39B}"
EndProject
Project("{FAE04EC0-301F-11D3-BF4B-00C04F79EFBC}") = "NexusErp.Domain", "src\NexusErp.Domain\NexusErp.Domain.csproj", "{1AEF982F-DF6E-435B-9027-553928F2783B}"
EndProject
Project("{FAE04EC0-301F-11D3-BF4B-00C04F79EFBC}") = "NexusErp.Application", "src\NexusErp.Application\NexusErp.Application.csproj", "{BCA2B520-AA42-484F-B435-E7F57CE2499B}"
EndProject
Project("{FAE04EC0-301F-11D3-BF4B-00C04F79EFBC}") = "NexusErp.Infrastructure", "src\NexusErp.Infrastructure\NexusErp.Infrastructure.csproj", "{FCB41FD6-1271-4EAE-B0C7-04E11C23CC74}"
EndProject
Project("{FAE04EC0-301F-11D3-BF4B-00C04F79EFBC}") = "NexusErp.Web", "src\NexusErp.Web\NexusErp.Web.csproj", "{12CCA860-77F7-48C8-8252-670956E94614}"
EndProject
Project("{FAE04EC0-301F-11D3-BF4B-00C04F79EFBC}") = "NexusErp.Tests", "tests\NexusErp.Tests\NexusErp.Tests.csproj", "{E00D55E0-B979-4026-BC0E-5AFE94B093DB}"
EndProject
Project("{FAE04EC0-301F-11D3-BF4B-00C04F79EFBC}") = "NexusErp.Api", "src\NexusErp.Api\NexusErp.Api.csproj", "{F23A361C-B944-433F-8825-875C5EF0F57D}"
EndProject
Global
	GlobalSection(SolutionConfigurationPlatforms) = preSolution
		Debug|Any CPU = Debug|Any CPU
		Debug|x64 = Debug|x64
		Debug|x86 = Debug|x86
		Release|Any CPU = Release|Any CPU
		Release|x64 = Release|x64
		Release|x86 = Release|x86
	EndGlobalSection
	GlobalSection(ProjectConfigurationPlatforms) = postSolution
		{1AEF982F-DF6E-435B-9027-553928F2783B}.Debug|Any CPU.ActiveCfg = Debug|Any CPU
		{1AEF982F-DF6E-435B-9027-553928F2783B}.Debug|Any CPU.Build.0 = Debug|Any CPU
		{1AEF982F-DF6E-435B-9027-553928F2783B}.Debug|x64.ActiveCfg = Debug|Any CPU
		{1AEF982F-DF6E-435B-9027-553928F2783B}.Debug|x64.Build.0 = Debug|Any CPU
		{1AEF982F-DF6E-435B-9027-553928F2783B}.Debug|x86.ActiveCfg = Debug|Any CPU
		{1AEF982F-DF6E-435B-9027-553928F2783B}.Debug|x86.Build.0 = Debug|Any CPU
		{1AEF982F-DF6E-435B-9027-553928F2783B}.Release|Any CPU.ActiveCfg = Release|Any CPU
		{1AEF982F-DF6E-435B-9027-553928F2783B}.Release|Any CPU.Build.0 = Release|Any CPU
		{1AEF982F-DF6E-435B-9027-553928F2783B}.Release|x64.ActiveCfg = Release|Any CPU
		{1AEF982F-DF6E-435B-9027-553928F2783B}.Release|x64.Build.0 = Release|Any CPU
		{1AEF982F-DF6E-435B-9027-553928F2783B}.Release|x86.ActiveCfg = Release|Any CPU
		{1AEF982F-DF6E-435B-9027-553928F2783B}.Release|x86.Build.0 = Release|Any CPU
		{BCA2B520-AA42-484F-B435-E7F57CE2499B}.Debug|Any CPU.ActiveCfg = Debug|Any CPU
		{BCA2B520-AA42-484F-B435-E7F57CE2499B}.Debug|Any CPU.Build.0 = Debug|Any CPU
		{BCA2B520-AA42-484F-B435-E7F57CE2499B}.Debug|x64.ActiveCfg = Debug|Any CPU
		{BCA2B520-AA42-484F-B435-E7F57CE2499B}.Debug|x64.Build.0 = Debug|Any CPU
		{BCA2B520-AA42-484F-B435-E7F57CE2499B}.Debug|x86.ActiveCfg = Debug|Any CPU
		{BCA2B520-AA42-484F-B435-E7F57CE2499B}.Debug|x86.Build.0 = Debug|Any CPU
		{BCA2B520-AA42-484F-B435-E7F57CE2499B}.Release|Any CPU.ActiveCfg = Release|Any CPU
		{BCA2B520-AA42-484F-B435-E7F57CE2499B}.Release|Any CPU.Build.0 = Release|Any CPU
		{BCA2B520-AA42-484F-B435-E7F57CE2499B}.Release|x64.ActiveCfg = Release|Any CPU
		{BCA2B520-AA42-484F-B435-E7F57CE2499B}.Release|x64.Build.0 = Release|Any CPU
		{BCA2B520-AA42-484F-B435-E7F57CE2499B}.Release|x86.ActiveCfg = Release|Any CPU
		{BCA2B520-AA42-484F-B435-E7F57CE2499B}.Release|x86.Build.0 = Release|Any CPU
		{FCB41FD6-1271-4EAE-B0C7-04E11C23CC74}.Debug|Any CPU.ActiveCfg = Debug|Any CPU
		{FCB41FD6-1271-4EAE-B0C7-04E11C23CC74}.Debug|Any CPU.Build.0 = Debug|Any CPU
		{FCB41FD6-1271-4EAE-B0C7-04E11C23CC74}.Debug|x64.ActiveCfg = Debug|Any CPU
		{FCB41FD6-1271-4EAE-B0C7-04E11C23CC74}.Debug|x64.Build.0 = Debug|Any CPU
		{FCB41FD6-1271-4EAE-B0C7-04E11C23CC74}.Debug|x86.ActiveCfg = Debug|Any CPU
		{FCB41FD6-1271-4EAE-B0C7-04E11C23CC74}.Debug|x86.Build.0 = Debug|Any CPU
		{FCB41FD6-1271-4EAE-B0C7-04E11C23CC74}.Release|Any CPU.ActiveCfg = Release|Any CPU
		{FCB41FD6-1271-4EAE-B0C7-04E11C23CC74}.Release|Any CPU.Build.0 = Release|Any CPU
		{FCB41FD6-1271-4EAE-B0C7-04E11C23CC74}.Release|x64.ActiveCfg = Release|Any CPU
		{FCB41FD6-1271-4EAE-B0C7-04E11C23CC74}.Release|x64.Build.0 = Release|Any CPU
		{FCB41FD6-1271-4EAE-B0C7-04E11C23CC74}.Release|x86.ActiveCfg = Release|Any CPU
		{FCB41FD6-1271-4EAE-B0C7-04E11C23CC74}.Release|x86.Build.0 = Release|Any CPU
		{12CCA860-77F7-48C8-8252-670956E94614}.Debug|Any CPU.ActiveCfg = Debug|Any CPU
		{12CCA860-77F7-48C8-8252-670956E94614}.Debug|Any CPU.Build.0 = Debug|Any CPU
		{12CCA860-77F7-48C8-8252-670956E94614}.Debug|x64.ActiveCfg = Debug|Any CPU
		{12CCA860-77F7-48C8-8252-670956E94614}.Debug|x64.Build.0 = Debug|Any CPU
		{12CCA860-77F7-48C8-8252-670956E94614}.Debug|x86.ActiveCfg = Debug|Any CPU
		{12CCA860-77F7-48C8-8252-670956E94614}.Debug|x86.Build.0 = Debug|Any CPU
		{12CCA860-77F7-48C8-8252-670956E94614}.Release|Any CPU.ActiveCfg = Release|Any CPU
		{12CCA860-77F7-48C8-8252-670956E94614}.Release|Any CPU.Build.0 = Release|Any CPU
		{12CCA860-77F7-48C8-8252-670956E94614}.Release|x64.ActiveCfg = Release|Any CPU
		{12CCA860-77F7-48C8-8252-670956E94614}.Release|x64.Build.0 = Release|Any CPU
		{12CCA860-77F7-48C8-8252-670956E94614}.Release|x86.ActiveCfg = Release|Any CPU
		{12CCA860-77F7-48C8-8252-670956E94614}.Release|x86.Build.0 = Release|Any CPU
		{E00D55E0-B979-4026-BC0E-5AFE94B093DB}.Debug|Any CPU.ActiveCfg = Debug|Any CPU
		{E00D55E0-B979-4026-BC0E-5AFE94B093DB}.Debug|Any CPU.Build.0 = Debug|Any CPU
		{E00D55E0-B979-4026-BC0E-5AFE94B093DB}.Debug|x64.ActiveCfg = Debug|Any CPU
		{E00D55E0-B979-4026-BC0E-5AFE94B093DB}.Debug|x64.Build.0 = Debug|Any CPU
		{E00D55E0-B979-4026-BC0E-5AFE94B093DB}.Debug|x86.ActiveCfg = Debug|Any CPU
		{E00D55E0-B979-4026-BC0E-5AFE94B093DB}.Debug|x86.Build.0 = Debug|Any CPU
		{E00D55E0-B979-4026-BC0E-5AFE94B093DB}.Release|Any CPU.ActiveCfg = Release|Any CPU
		{E00D55E0-B979-4026-BC0E-5AFE94B093DB}.Release|Any CPU.Build.0 = Release|Any CPU
		{E00D55E0-B979-4026-BC0E-5AFE94B093DB}.Release|x64.ActiveCfg = Release|Any CPU
		{E00D55E0-B979-4026-BC0E-5AFE94B093DB}.Release|x64.Build.0 = Release|Any CPU
		{E00D55E0-B979-4026-BC0E-5AFE94B093DB}.Release|x86.ActiveCfg = Release|Any CPU
		{E00D55E0-B979-4026-BC0E-5AFE94B093DB}.Release|x86.Build.0 = Release|Any CPU
		{F23A361C-B944-433F-8825-875C5EF0F57D}.Debug|Any CPU.ActiveCfg = Debug|Any CPU
		{F23A361C-B944-433F-8825-875C5EF0F57D}.Debug|Any CPU.Build.0 = Debug|Any CPU
		{F23A361C-B944-433F-8825-875C5EF0F57D}.Debug|x64.ActiveCfg = Debug|Any CPU
		{F23A361C-B944-433F-8825-875C5EF0F57D}.Debug|x64.Build.0 = Debug|Any CPU
		{F23A361C-B944-433F-8825-875C5EF0F57D}.Debug|x86.ActiveCfg = Debug|Any CPU
		{F23A361C-B944-433F-8825-875C5EF0F57D}.Debug|x86.Build.0 = Debug|Any CPU
		{F23A361C-B944-433F-8825-875C5EF0F57D}.Release|Any CPU.ActiveCfg = Release|Any CPU
		{F23A361C-B944-433F-8825-875C5EF0F57D}.Release|Any CPU.Build.0 = Release|Any CPU
		{F23A361C-B944-433F-8825-875C5EF0F57D}.Release|x64.ActiveCfg = Release|Any CPU
		{F23A361C-B944-433F-8825-875C5EF0F57D}.Release|x64.Build.0 = Release|Any CPU
		{F23A361C-B944-433F-8825-875C5EF0F57D}.Release|x86.ActiveCfg = Release|Any CPU
		{F23A361C-B944-433F-8825-875C5EF0F57D}.Release|x86.Build.0 = Release|Any CPU
	EndGlobalSection
	GlobalSection(SolutionProperties) = preSolution
		HideSolutionNode = FALSE
	EndGlobalSection
	GlobalSection(NestedProjects) = preSolution
		{1AEF982F-DF6E-435B-9027-553928F2783B} = {827E0CD3-B72D-47B6-A68D-7590B98EB39B}
		{BCA2B520-AA42-484F-B435-E7F57CE2499B} = {827E0CD3-B72D-47B6-A68D-7590B98EB39B}
		{FCB41FD6-1271-4EAE-B0C7-04E11C23CC74} = {827E0CD3-B72D-47B6-A68D-7590B98EB39B}
		{12CCA860-77F7-48C8-8252-670956E94614} = {827E0CD3-B72D-47B6-A68D-7590B98EB39B}
		{E00D55E0-B979-4026-BC0E-5AFE94B093DB} = {827E0CD3-B72D-47B6-A68D-7590B98EB39B}
		{F23A361C-B944-433F-8825-875C5EF0F57D} = {827E0CD3-B72D-47B6-A68D-7590B98EB39B}
	EndGlobalSection
EndGlobal
